
Microsoft Visual Studio Solution File, Format Version 12.00
# Visual Studio Version 16
VisualStudioVersion = 16.0.31829.152
MinimumVisualStudioVersion = 10.0.40219.1
Project("{FAE04EC0-301F-11D3-BF4B-00C04F79EFBC}") = "Z1", "Lab5_z1_z5\Z1.csproj", "{9870391F-EF88-41A2-B4F5-835A143601C9}"
EndProject
Project("{FAE04EC0-301F-11D3-BF4B-00C04F79EFBC}") = "Z2", "Z2\Z2.csproj", "{EB6A5851-A840-4141-B1D6-D30A48F26286}"
EndProject
Global
	GlobalSection(SolutionConfigurationPlatforms) = preSolution
		Debug|Any CPU = Debug|Any CPU
		Release|Any CPU = Release|Any CPU
	EndGlobalSection
	GlobalSection(ProjectConfigurationPlatforms) = postSolution
		{9870391F-EF88-41A2-B4F5-835A143601C9}.Debug|Any CPU.ActiveCfg = Debug|Any CPU
		{9870391F-EF88-41A2-B4F5-835A143601C9}.Debug|Any CPU.Build.0 = Debug|Any CPU
		{9870391F-EF88-41A2-B4F5-835A143601C9}.Release|Any CPU.ActiveCfg = Release|Any CPU
		{9870391F-EF88-41A2-B4F5-835A143601C9}.Release|Any CPU.Build.0 = Release|Any CPU
		{EB6A5851-A840-4141-B1D6-D30A48F26286}.Debug|Any CPU.ActiveCfg = Debug|Any CPU
		{EB6A5851-A840-4141-B1D6-D30A48F26286}.Debug|Any CPU.Build.0 = Debug|Any CPU
		{EB6A5851-A840-4141-B1D6-D30A48F26286}.Release|Any CPU.ActiveCfg = Release|Any CPU
		{EB6A5851-A840-4141-B1D6-D30A48F26286}.Release|Any CPU.Build.0 = Release|Any CPU
	EndGlobalSection
	GlobalSection(SolutionProperties) = preSolution
		HideSolutionNode = FALSE
	EndGlobalSection
	GlobalSection(ExtensibilityGlobals) = postSolution
		SolutionGuid = {9B5E5659-3199-4149-B074-222F8C3C37A3}
	EndGlobalSection
EndGlobal
